
Microsoft Visual Studio Solution File, Format Version 12.00
Project("{FAE04EC0-301F-11D3-BF4B-00C04F79EFBC}") = "TournamentAssistant", "TournamentAssistant\TournamentAssistant.csproj", "{CBE4320B-8739-4E1F-B432-29243055FD58}"
EndProject
Project("{FAE04EC0-301F-11D3-BF4B-00C04F79EFBC}") = "CoordApp", "CoordApp\CoordApp.csproj", "{820E4F3F-802D-499B-8F3D-296535648544}"
EndProject
Project("{FAE04EC0-301F-11D3-BF4B-00C04F79EFBC}") = "TournamentServer", "TournamentServer\TournamentServer.csproj", "{D2BD235D-58E6-4ACD-9DDD-4C84BCE16992}"
EndProject
Global
	GlobalSection(SolutionConfigurationPlatforms) = preSolution
		Debug|Any CPU = Debug|Any CPU
		Release|Any CPU = Release|Any CPU
	EndGlobalSection
	GlobalSection(ProjectConfigurationPlatforms) = postSolution
		{CBE4320B-8739-4E1F-B432-29243055FD58}.Debug|Any CPU.ActiveCfg = Debug|Any CPU
		{CBE4320B-8739-4E1F-B432-29243055FD58}.Debug|Any CPU.Build.0 = Debug|Any CPU
		{CBE4320B-8739-4E1F-B432-29243055FD58}.Release|Any CPU.ActiveCfg = Release|Any CPU
		{CBE4320B-8739-4E1F-B432-29243055FD58}.Release|Any CPU.Build.0 = Release|Any CPU
		{820E4F3F-802D-499B-8F3D-296535648544}.Debug|Any CPU.ActiveCfg = Debug|Any CPU
		{820E4F3F-802D-499B-8F3D-296535648544}.Debug|Any CPU.Build.0 = Debug|Any CPU
		{820E4F3F-802D-499B-8F3D-296535648544}.Release|Any CPU.ActiveCfg = Release|Any CPU
		{820E4F3F-802D-499B-8F3D-296535648544}.Release|Any CPU.Build.0 = Release|Any CPU
		{D2BD235D-58E6-4ACD-9DDD-4C84BCE16992}.Debug|Any CPU.ActiveCfg = Debug|Any CPU
		{D2BD235D-58E6-4ACD-9DDD-4C84BCE16992}.Debug|Any CPU.Build.0 = Debug|Any CPU
		{D2BD235D-58E6-4ACD-9DDD-4C84BCE16992}.Release|Any CPU.ActiveCfg = Release|Any CPU
		{D2BD235D-58E6-4ACD-9DDD-4C84BCE16992}.Release|Any CPU.Build.0 = Release|Any CPU
	EndGlobalSection
EndGlobal
